// !$*UTF8*$!
{
	archiveVersion = 1;
	classes = {
	};
	objectVersion = 46;
	objects = {

/* Begin PBXBuildFile section */
		613D863119CC247F009C1866 /* AppDelegate.swift in Sources */ = {isa = PBXBuildFile; fileRef = 613D863019CC247F009C1866 /* AppDelegate.swift */; };
		613D863319CC247F009C1866 /* ViewController.swift in Sources */ = {isa = PBXBuildFile; fileRef = 613D863219CC247F009C1866 /* ViewController.swift */; };
		613D863619CC247F009C1866 /* Main.storyboard in Resources */ = {isa = PBXBuildFile; fileRef = 613D863419CC247F009C1866 /* Main.storyboard */; };
		613D863819CC247F009C1866 /* Images.xcassets in Resources */ = {isa = PBXBuildFile; fileRef = 613D863719CC247F009C1866 /* Images.xcassets */; };
		613D863B19CC247F009C1866 /* LaunchScreen.xib in Resources */ = {isa = PBXBuildFile; fileRef = 613D863919CC247F009C1866 /* LaunchScreen.xib */; };
		613D864719CC247F009C1866 /* testAppTests.swift in Sources */ = {isa = PBXBuildFile; fileRef = 613D864619CC247F009C1866 /* testAppTests.swift */; };
		613D867119CC2753009C1866 /* ischoolFramework.framework in Frameworks */ = {isa = PBXBuildFile; fileRef = 613D866B19CC26D7009C1866 /* ischoolFramework.framework */; };
/* End PBXBuildFile section */

/* Begin PBXContainerItemProxy section */
		613D864119CC247F009C1866 /* PBXContainerItemProxy */ = {
			isa = PBXContainerItemProxy;
			containerPortal = 613D862319CC247F009C1866 /* Project object */;
			proxyType = 1;
			remoteGlobalIDString = 613D862A19CC247F009C1866;
			remoteInfo = testApp;
		};
		613D866A19CC26D7009C1866 /* PBXContainerItemProxy */ = {
			isa = PBXContainerItemProxy;
			containerPortal = 613D866519CC26D7009C1866 /* ischoolFramework.xcodeproj */;
			proxyType = 2;
			remoteGlobalIDString = 613D860719CC2432009C1866;
			remoteInfo = ischoolFramework;
		};
		613D866C19CC26D7009C1866 /* PBXContainerItemProxy */ = {
			isa = PBXContainerItemProxy;
			containerPortal = 613D866519CC26D7009C1866 /* ischoolFramework.xcodeproj */;
			proxyType = 2;
			remoteGlobalIDString = 613D861219CC2432009C1866;
			remoteInfo = ischoolFrameworkTests;
		};
/* End PBXContainerItemProxy section */

/* Begin PBXFileReference section */
		613D862B19CC247F009C1866 /* testApp.app */ = {isa = PBXFileReference; explicitFileType = wrapper.application; includeInIndex = 0; path = testApp.app; sourceTree = BUILT_PRODUCTS_DIR; };
		613D862F19CC247F009C1866 /* Info.plist */ = {isa = PBXFileReference; lastKnownFileType = text.plist.xml; path = Info.plist; sourceTree = "<group>"; };
		613D863019CC247F009C1866 /* AppDelegate.swift */ = {isa = PBXFileReference; lastKnownFileType = sourcecode.swift; path = AppDelegate.swift; sourceTree = "<group>"; };
		613D863219CC247F009C1866 /* ViewController.swift */ = {isa = PBXFileReference; lastKnownFileType = sourcecode.swift; path = ViewController.swift; sourceTree = "<group>"; };
		613D863519CC247F009C1866 /* Base */ = {isa = PBXFileReference; lastKnownFileType = file.storyboard; name = Base; path = Base.lproj/Main.storyboard; sourceTree = "<group>"; };
		613D863719CC247F009C1866 /* Images.xcassets */ = {isa = PBXFileReference; lastKnownFileType = folder.assetcatalog; path = Images.xcassets; sourceTree = "<group>"; };
		613D863A19CC247F009C1866 /* Base */ = {isa = PBXFileReference; lastKnownFileType = file.xib; name = Base; path = Base.lproj/LaunchScreen.xib; sourceTree = "<group>"; };
		613D864019CC247F009C1866 /* testAppTests.xctest */ = {isa = PBXFileReference; explicitFileType = wrapper.cfbundle; includeInIndex = 0; path = testAppTests.xctest; sourceTree = BUILT_PRODUCTS_DIR; };
		613D864519CC247F009C1866 /* Info.plist */ = {isa = PBXFileReference; lastKnownFileType = text.plist.xml; path = Info.plist; sourceTree = "<group>"; };
		613D864619CC247F009C1866 /* testAppTests.swift */ = {isa = PBXFileReference; lastKnownFileType = sourcecode.swift; path = testAppTests.swift; sourceTree = "<group>"; };
		613D866519CC26D7009C1866 /* ischoolFramework.xcodeproj */ = {isa = PBXFileReference; lastKnownFileType = "wrapper.pb-project"; name = ischoolFramework.xcodeproj; path = ../ischoolFramework/ischoolFramework.xcodeproj; sourceTree = "<group>"; };
/* End PBXFileReference section */

/* Begin PBXFrameworksBuildPhase section */
		613D862819CC247F009C1866 /* Frameworks */ = {
			isa = PBXFrameworksBuildPhase;
			buildActionMask = 2147483647;
			files = (
				613D867119CC2753009C1866 /* ischoolFramework.framework in Frameworks */,
			);
			runOnlyForDeploymentPostprocessing = 0;
		};
		613D863D19CC247F009C1866 /* Frameworks */ = {
			isa = PBXFrameworksBuildPhase;
			buildActionMask = 2147483647;
			files = (
			);
			runOnlyForDeploymentPostprocessing = 0;
		};
/* End PBXFrameworksBuildPhase section */

/* Begin PBXGroup section */
		613D862219CC247F009C1866 = {
			isa = PBXGroup;
			children = (
				613D866519CC26D7009C1866 /* ischoolFramework.xcodeproj */,
				613D862D19CC247F009C1866 /* testApp */,
				613D864319CC247F009C1866 /* testAppTests */,
				613D862C19CC247F009C1866 /* Products */,
			);
			sourceTree = "<group>";
		};
		613D862C19CC247F009C1866 /* Products */ = {
			isa = PBXGroup;
			children = (
				613D862B19CC247F009C1866 /* testApp.app */,
				613D864019CC247F009C1866 /* testAppTests.xctest */,
			);
			name = Products;
			sourceTree = "<group>";
		};
		613D862D19CC247F009C1866 /* testApp */ = {
			isa = PBXGroup;
			children = (
				613D863019CC247F009C1866 /* AppDelegate.swift */,
				613D863219CC247F009C1866 /* ViewController.swift */,
				613D863419CC247F009C1866 /* Main.storyboard */,
				613D863719CC247F009C1866 /* Images.xcassets */,
				613D863919CC247F009C1866 /* LaunchScreen.xib */,
				613D862E19CC247F009C1866 /* Supporting Files */,
			);
			path = testApp;
			sourceTree = "<group>";
		};
		613D862E19CC247F009C1866 /* Supporting Files */ = {
			isa = PBXGroup;
			children = (
				613D862F19CC247F009C1866 /* Info.plist */,
			);
			name = "Supporting Files";
			sourceTree = "<group>";
		};
		613D864319CC247F009C1866 /* testAppTests */ = {
			isa = PBXGroup;
			children = (
				613D864619CC247F009C1866 /* testAppTests.swift */,
				613D864419CC247F009C1866 /* Supporting Files */,
			);
			path = testAppTests;
			sourceTree = "<group>";
		};
		613D864419CC247F009C1866 /* Supporting Files */ = {
			isa = PBXGroup;
			children = (
				613D864519CC247F009C1866 /* Info.plist */,
			);
			name = "Supporting Files";
			sourceTree = "<group>";
		};
		613D866619CC26D7009C1866 /* Products */ = {
			isa = PBXGroup;
			children = (
				613D866B19CC26D7009C1866 /* ischoolFramework.framework */,
				613D866D19CC26D7009C1866 /* ischoolFrameworkTests.xctest */,
			);
			name = Products;
			sourceTree = "<group>";
		};
/* End PBXGroup section */

/* Begin PBXNativeTarget section */
		613D862A19CC247F009C1866 /* testApp */ = {
			isa = PBXNativeTarget;
			buildConfigurationList = 613D864A19CC247F009C1866 /* Build configuration list for PBXNativeTarget "testApp" */;
			buildPhases = (
				613D862719CC247F009C1866 /* Sources */,
				613D862819CC247F009C1866 /* Frameworks */,
				613D862919CC247F009C1866 /* Resources */,
			);
			buildRules = (
			);
			dependencies = (
			);
			name = testApp;
			productName = testApp;
			productReference = 613D862B19CC247F009C1866 /* testApp.app */;
			productType = "com.apple.product-type.application";
		};
		613D863F19CC247F009C1866 /* testAppTests */ = {
			isa = PBXNativeTarget;
			buildConfigurationList = 613D864D19CC247F009C1866 /* Build configuration list for PBXNativeTarget "testAppTests" */;
			buildPhases = (
				613D863C19CC247F009C1866 /* Sources */,
				613D863D19CC247F009C1866 /* Frameworks */,
				613D863E19CC247F009C1866 /* Resources */,
			);
			buildRules = (
			);
			dependencies = (
				613D864219CC247F009C1866 /* PBXTargetDependency */,
			);
			name = testAppTests;
			productName = testAppTests;
			productReference = 613D864019CC247F009C1866 /* testAppTests.xctest */;
			productType = "com.apple.product-type.bundle.unit-test";
		};
/* End PBXNativeTarget section */

/* Begin PBXProject section */
		613D862319CC247F009C1866 /* Project object */ = {
			isa = PBXProject;
			attributes = {
				LastUpgradeCheck = 0600;
				ORGANIZATIONNAME = Cloud;
				TargetAttributes = {
					613D862A19CC247F009C1866 = {
						CreatedOnToolsVersion = 6.0;
					};
					613D863F19CC247F009C1866 = {
						CreatedOnToolsVersion = 6.0;
						TestTargetID = 613D862A19CC247F009C1866;
					};
				};
			};
			buildConfigurationList = 613D862619CC247F009C1866 /* Build configuration list for PBXProject "testApp" */;
			compatibilityVersion = "Xcode 3.2";
			developmentRegion = English;
			hasScannedForEncodings = 0;
			knownRegions = (
				en,
				Base,
			);
			mainGroup = 613D862219CC247F009C1866;
			productRefGroup = 613D862C19CC247F009C1866 /* Products */;
			projectDirPath = "";
			projectReferences = (
				{
					ProductGroup = 613D866619CC26D7009C1866 /* Products */;
					ProjectRef = 613D866519CC26D7009C1866 /* ischoolFramework.xcodeproj */;
				},
			);
			projectRoot = "";
			targets = (
				613D862A19CC247F009C1866 /* testApp */,
				613D863F19CC247F009C1866 /* testAppTests */,
			);
		};
/* End PBXProject section */

/* Begin PBXReferenceProxy section */
		613D866B19CC26D7009C1866 /* ischoolFramework.framework */ = {
			isa = PBXReferenceProxy;
			fileType = wrapper.framework;
			path = ischoolFramework.framework;
			remoteRef = 613D866A19CC26D7009C1866 /* PBXContainerItemProxy */;
			sourceTree = BUILT_PRODUCTS_DIR;
		};
		613D866D19CC26D7009C1866 /* ischoolFrameworkTests.xctest */ = {
			isa = PBXReferenceProxy;
			fileType = wrapper.cfbundle;
			path = ischoolFrameworkTests.xctest;
			remoteRef = 613D866C19CC26D7009C1866 /* PBXContainerItemProxy */;
			sourceTree = BUILT_PRODUCTS_DIR;
		};
/* End PBXReferenceProxy section */

/* Begin PBXResourcesBuildPhase section */
		613D862919CC247F009C1866 /* Resources */ = {
			isa = PBXResourcesBuildPhase;
			buildActionMask = 2147483647;
			files = (
				613D863619CC247F009C1866 /* Main.storyboard in Resources */,
				613D863B19CC247F009C1866 /* LaunchScreen.xib in Resources */,
				613D863819CC247F009C1866 /* Images.xcassets in Resources */,
			);
			runOnlyForDeploymentPostprocessing = 0;
		};
		613D863E19CC247F009C1866 /* Resources */ = {
			isa = PBXResourcesBuildPhase;
			buildActionMask = 2147483647;
			files = (
			);
			runOnlyForDeploymentPostprocessing = 0;
		};
/* End PBXResourcesBuildPhase section */

/* Begin PBXSourcesBuildPhase section */
		613D862719CC247F009C1866 /* Sources */ = {
			isa = PBXSourcesBuildPhase;
			buildActionMask = 2147483647;
			files = (
				613D863319CC247F009C1866 /* ViewController.swift in Sources */,
				613D863119CC247F009C1866 /* AppDelegate.swift in Sources */,
			);
			runOnlyForDeploymentPostprocessing = 0;
		};
		613D863C19CC247F009C1866 /* Sources */ = {
			isa = PBXSourcesBuildPhase;
			buildActionMask = 2147483647;
			files = (
				613D864719CC247F009C1866 /* testAppTests.swift in Sources */,
			);
			runOnlyForDeploymentPostprocessing = 0;
		};
/* End PBXSourcesBuildPhase section */

/* Begin PBXTargetDependency section */
		613D864219CC247F009C1866 /* PBXTargetDependency */ = {
			isa = PBXTargetDependency;
			target = 613D862A19CC247F009C1866 /* testApp */;
			targetProxy = 613D864119CC247F009C1866 /* PBXContainerItemProxy */;
		};
/* End PBXTargetDependency section */

/* Begin PBXVariantGroup section */
		613D863419CC247F009C1866 /* Main.storyboard */ = {
			isa = PBXVariantGroup;
			children = (
				613D863519CC247F009C1866 /* Base */,
			);
			name = Main.storyboard;
			sourceTree = "<group>";
		};
		613D863919CC247F009C1866 /* LaunchScreen.xib */ = {
			isa = PBXVariantGroup;
			children = (
				613D863A19CC247F009C1866 /* Base */,
			);
			name = LaunchScreen.xib;
			sourceTree = "<group>";
		};
/* End PBXVariantGroup section */

/* Begin XCBuildConfiguration section */
		613D864819CC247F009C1866 /* Debug */ = {
			isa = XCBuildConfiguration;
			buildSettings = {
				ALWAYS_SEARCH_USER_PATHS = NO;
				CLANG_CXX_LANGUAGE_STANDARD = "gnu++0x";
				CLANG_CXX_LIBRARY = "libc++";
				CLANG_ENABLE_MODULES = YES;
				CLANG_ENABLE_OBJC_ARC = YES;
				CLANG_WARN_BOOL_CONVERSION = YES;
				CLANG_WARN_CONSTANT_CONVERSION = YES;
				CLANG_WARN_DIRECT_OBJC_ISA_USAGE = YES_ERROR;
				CLANG_WARN_EMPTY_BODY = YES;
				CLANG_WARN_ENUM_CONVERSION = YES;
				CLANG_WARN_INT_CONVERSION = YES;
				CLANG_WARN_OBJC_ROOT_CLASS = YES_ERROR;
				CLANG_WARN_UNREACHABLE_CODE = YES;
				CLANG_WARN__DUPLICATE_METHOD_MATCH = YES;
				"CODE_SIGN_IDENTITY[sdk=iphoneos*]" = "iPhone Developer";
				COPY_PHASE_STRIP = NO;
				ENABLE_STRICT_OBJC_MSGSEND = YES;
				GCC_C_LANGUAGE_STANDARD = gnu99;
				GCC_DYNAMIC_NO_PIC = NO;
				GCC_OPTIMIZATION_LEVEL = 0;
				GCC_PREPROCESSOR_DEFINITIONS = (
					"DEBUG=1",
					"$(inherited)",
				);
				GCC_SYMBOLS_PRIVATE_EXTERN = NO;
				GCC_WARN_64_TO_32_BIT_CONVERSION = YES;
				GCC_WARN_ABOUT_RETURN_TYPE = YES_ERROR;
				GCC_WARN_UNDECLARED_SELECTOR = YES;
				GCC_WARN_UNINITIALIZED_AUTOS = YES_AGGRESSIVE;
				GCC_WARN_UNUSED_FUNCTION = YES;
				GCC_WARN_UNUSED_VARIABLE = YES;
				IPHONEOS_DEPLOYMENT_TARGET = 8.0;
				MTL_ENABLE_DEBUG_INFO = YES;
				ONLY_ACTIVE_ARCH = YES;
				SDKROOT = iphoneos;
				SWIFT_OPTIMIZATION_LEVEL = "-Onone";
			};
			name = Debug;
		};
		613D864919CC247F009C1866 /* Release */ = {
			isa = XCBuildConfiguration;
			buildSettings = {
				ALWAYS_SEARCH_USER_PATHS = NO;
				CLANG_CXX_LANGUAGE_STANDARD = "gnu++0x";
				CLANG_CXX_LIBRARY = "libc++";
				CLANG_ENABLE_MODULES = YES;
				CLANG_ENABLE_OBJC_ARC = YES;
				CLANG_WARN_BOOL_CONVERSION = YES;
				CLANG_WARN_CONSTANT_CONVERSION = YES;
				CLANG_WARN_DIRECT_OBJC_ISA_USAGE = YES_ERROR;
				CLANG_WARN_EMPTY_BODY = YES;
				CLANG_WARN_ENUM_CONVERSION = YES;
				CLANG_WARN_INT_CONVERSION = YES;
				CLANG_WARN_OBJC_ROOT_CLASS = YES_ERROR;
				CLANG_WARN_UNREACHABLE_CODE = YES;
				CLANG_WARN__DUPLICATE_METHOD_MATCH = YES;
				"CODE_SIGN_IDENTITY[sdk=iphoneos*]" = "iPhone Developer";
				COPY_PHASE_STRIP = YES;
				ENABLE_NS_ASSERTIONS = NO;
				ENABLE_STRICT_OBJC_MSGSEND = YES;
				GCC_C_LANGUAGE_STANDARD = gnu99;
				GCC_WARN_64_TO_32_BIT_CONVERSION = YES;
				GCC_WARN_ABOUT_RETURN_TYPE = YES_ERROR;
				GCC_WARN_UNDECLARED_SELECTOR = YES;
				GCC_WARN_UNINITIALIZED_AUTOS = YES_AGGRESSIVE;
				GCC_WARN_UNUSED_FUNCTION = YES;
				GCC_WARN_UNUSED_VARIABLE = YES;
				IPHONEOS_DEPLOYMENT_TARGET = 8.0;
				MTL_ENABLE_DEBUG_INFO = NO;
				SDKROOT = iphoneos;
				VALIDATE_PRODUCT = YES;
			};
			name = Release;
		};
		613D864B19CC247F009C1866 /* Debug */ = {
			isa = XCBuildConfiguration;
			buildSettings = {
				ASSETCATALOG_COMPILER_APPICON_NAME = AppIcon;
				INFOPLIST_FILE = testApp/Info.plist;
				LD_RUNPATH_SEARCH_PATHS = "$(inherited) @executable_path/Frameworks";
				PRODUCT_NAME = "$(TARGET_NAME)";
			};
			name = Debug;
		};
		613D864C19CC247F009C1866 /* Release */ = {
			isa = XCBuildConfiguration;
			buildSettings = {
				ASSETCATALOG_COMPILER_APPICON_NAME = AppIcon;
				INFOPLIST_FILE = testApp/Info.plist;
				LD_RUNPATH_SEARCH_PATHS = "$(inherited) @executable_path/Frameworks";
				PRODUCT_NAME = "$(TARGET_NAME)";
			};
			name = Release;
		};
		613D864E19CC247F009C1866 /* Debug */ = {
			isa = XCBuildConfiguration;
			buildSettings = {
				BUNDLE_LOADER = "$(TEST_HOST)";
				FRAMEWORK_SEARCH_PATHS = (
					"$(SDKROOT)/Developer/Library/Frameworks",
					"$(inherited)",
				);
				GCC_PREPROCESSOR_DEFINITIONS = (
					"DEBUG=1",
					"$(inherited)",
				);
				INFOPLIST_FILE = testAppTests/Info.plist;
				LD_RUNPATH_SEARCH_PATHS = "$(inherited) @executable_path/Frameworks @loader_path/Frameworks";
				PRODUCT_NAME = "$(TARGET_NAME)";
				TEST_HOST = "$(BUILT_PRODUCTS_DIR)/testApp.app/testApp";
			};
			name = Debug;
		};
		613D864F19CC247F009C1866 /* Release */ = {
			isa = XCBuildConfiguration;
			buildSettings = {
				BUNDLE_LOADER = "$(TEST_HOST)";
				FRAMEWORK_SEARCH_PATHS = (
					"$(SDKROOT)/Developer/Library/Frameworks",
					"$(inherited)",
				);
				INFOPLIST_FILE = testAppTests/Info.plist;
				LD_RUNPATH_SEARCH_PATHS = "$(inherited) @executable_path/Frameworks @loader_path/Frameworks";
				PRODUCT_NAME = "$(TARGET_NAME)";
				TEST_HOST = "$(BUILT_PRODUCTS_DIR)/testApp.app/testApp";
			};
			name = Release;
		};
/* End XCBuildConfiguration section */

/* Begin XCConfigurationList section */
		613D862619CC247F009C1866 /* Build configuration list for PBXProject "testApp" */ = {
			isa = XCConfigurationList;
			buildConfigurations = (
				613D864819CC247F009C1866 /* Debug */,
				613D864919CC247F009C1866 /* Release */,
			);
			defaultConfigurationIsVisible = 0;
			defaultConfigurationName = Release;
		};
		613D864A19CC247F009C1866 /* Build configuration list for PBXNativeTarget "testApp" */ = {
			isa = XCConfigurationList;
			buildConfigurations = (
				613D864B19CC247F009C1866 /* Debug */,
				613D864C19CC247F009C1866 /* Release */,
			);
			defaultConfigurationIsVisible = 0;
			defaultConfigurationName = Release;
		};
		613D864D19CC247F009C1866 /* Build configuration list for PBXNativeTarget "testAppTests" */ = {
			isa = XCConfigurationList;
			buildConfigurations = (
				613D864E19CC247F009C1866 /* Debug */,
				613D864F19CC247F009C1866 /* Release */,
			);
			defaultConfigurationIsVisible = 0;
			defaultConfigurationName = Release;
		};
/* End XCConfigurationList section */
	};
	rootObject = 613D862319CC247F009C1866 /* Project object */;
}
